{
  "name": "typescript-project",
  "version": "1.0.0",
  "lockfileVersion": 1,
  "requires": true,
  "dependencies": {
    "@types/node": {
      "version": "14.6.3",
      "resolved": "https://registry.npmjs.org/@types/node/-/node-14.6.3.tgz",
      "integrity": "sha512-pC/hkcREG6YfDfui1FBmj8e20jFU5Exjw4NYDm8kEdrW+mOh0T1Zve8DWKnS7ZIZvgncrctcNCXF4Q2I+loyww==",
      "dev": true
    },
    "typescript": {
      "version": "4.0.2",
      "resolved": "https://registry.npmjs.org/typescript/-/typescript-4.0.2.tgz",
      "integrity": "sha512-e4ERvRV2wb+rRZ/IQeb3jm2VxBsirQLpQhdxplZ2MEzGvDkkMmPglecnNDfSUBivMjP93vRbngYYDQqQ/78bcQ==",
      "dev": true
    }
  }
}
